
Microsoft Visual Studio Solution File, Format Version 12.00
# Visual Studio Version 16
VisualStudioVersion = 16.0.31424.327
MinimumVisualStudioVersion = 10.0.40219.1
Project("{FAE04EC0-301F-11D3-BF4B-00C04F79EFBC}") = "NX-StarWave", "NX-StarWave.csproj", "{3D9B9508-98E0-4706-AFDB-3B9FDE86BB30}"
EndProject
Global
	GlobalSection(SolutionConfigurationPlatforms) = preSolution
		Debug|Any CPU = Debug|Any CPU
		Release|Any CPU = Release|Any CPU
	EndGlobalSection
	GlobalSection(ProjectConfigurationPlatforms) = postSolution
		{3D9B9508-98E0-4706-AFDB-3B9FDE86BB30}.Debug|Any CPU.ActiveCfg = Debug|Any CPU
		{3D9B9508-98E0-4706-AFDB-3B9FDE86BB30}.Debug|Any CPU.Build.0 = Debug|Any CPU
		{3D9B9508-98E0-4706-AFDB-3B9FDE86BB30}.Release|Any CPU.ActiveCfg = Release|Any CPU
		{3D9B9508-98E0-4706-AFDB-3B9FDE86BB30}.Release|Any CPU.Build.0 = Release|Any CPU
	EndGlobalSection
	GlobalSection(SolutionProperties) = preSolution
		HideSolutionNode = FALSE
	EndGlobalSection
	GlobalSection(ExtensibilityGlobals) = postSolution
		SolutionGuid = {FDEA1E69-271E-41EB-84AA-F7A64302A3C2}
	EndGlobalSection
EndGlobal
